
Microsoft Visual Studio Solution File, Format Version 12.00
# Visual Studio Version 16
VisualStudioVersion = 16.0.29519.87
MinimumVisualStudioVersion = 10.0.40219.1
Project("{FAE04EC0-301F-11D3-BF4B-00C04F79EFBC}") = "NoteDesktop.Api", "backend\NoteDesktop.Api\NoteDesktop.Api.csproj", "{3B0D9A37-1E93-413E-8152-45C918ED7393}"
EndProject
Project("{FAE04EC0-301F-11D3-BF4B-00C04F79EFBC}") = "NoteDesktop.Data", "backend\NoteDesktop.Data\NoteDesktop.Data.csproj", "{0F9347AD-6F48-4564-A73A-766165AC9AEC}"
EndProject
Project("{FAE04EC0-301F-11D3-BF4B-00C04F79EFBC}") = "NoteDesktop.Service", "backend\NoteDesktop.Service\NoteDesktop.Service.csproj", "{F6997FAB-F30B-4C88-8E50-8069A10081F8}"
EndProject
Global
	GlobalSection(SolutionConfigurationPlatforms) = preSolution
		Debug|Any CPU = Debug|Any CPU
		Release|Any CPU = Release|Any CPU
	EndGlobalSection
	GlobalSection(ProjectConfigurationPlatforms) = postSolution
		{3B0D9A37-1E93-413E-8152-45C918ED7393}.Debug|Any CPU.ActiveCfg = Debug|Any CPU
		{3B0D9A37-1E93-413E-8152-45C918ED7393}.Debug|Any CPU.Build.0 = Debug|Any CPU
		{3B0D9A37-1E93-413E-8152-45C918ED7393}.Release|Any CPU.ActiveCfg = Release|Any CPU
		{3B0D9A37-1E93-413E-8152-45C918ED7393}.Release|Any CPU.Build.0 = Release|Any CPU
		{0F9347AD-6F48-4564-A73A-766165AC9AEC}.Debug|Any CPU.ActiveCfg = Debug|Any CPU
		{0F9347AD-6F48-4564-A73A-766165AC9AEC}.Debug|Any CPU.Build.0 = Debug|Any CPU
		{0F9347AD-6F48-4564-A73A-766165AC9AEC}.Release|Any CPU.ActiveCfg = Release|Any CPU
		{0F9347AD-6F48-4564-A73A-766165AC9AEC}.Release|Any CPU.Build.0 = Release|Any CPU
		{F6997FAB-F30B-4C88-8E50-8069A10081F8}.Debug|Any CPU.ActiveCfg = Debug|Any CPU
		{F6997FAB-F30B-4C88-8E50-8069A10081F8}.Debug|Any CPU.Build.0 = Debug|Any CPU
		{F6997FAB-F30B-4C88-8E50-8069A10081F8}.Release|Any CPU.ActiveCfg = Release|Any CPU
		{F6997FAB-F30B-4C88-8E50-8069A10081F8}.Release|Any CPU.Build.0 = Release|Any CPU
	EndGlobalSection
	GlobalSection(SolutionProperties) = preSolution
		HideSolutionNode = FALSE
	EndGlobalSection
	GlobalSection(ExtensibilityGlobals) = postSolution
		SolutionGuid = {8F73D391-4983-4F86-BF54-77D8BBB20AA7}
	EndGlobalSection
EndGlobal
