
Microsoft Visual Studio Solution File, Format Version 12.00
# Visual Studio Version 16
VisualStudioVersion = 16.0.29519.87
MinimumVisualStudioVersion = 10.0.40219.1
Project("{9A19103F-16F7-4668-BE54-9A1E7A4F7556}") = "NoteDesktop.Service", "NoteDesktop.Service\NoteDesktop.Service.csproj", "{0B53676B-92DA-4AC5-A90C-C4B14C549F9C}"
EndProject
Project("{9A19103F-16F7-4668-BE54-9A1E7A4F7556}") = "NoteDesktop.Data", "NoteDesktop.Data\NoteDesktop.Data.csproj", "{6E80EA16-76F5-4B5E-88DE-99436B1874E4}"
EndProject
Project("{9A19103F-16F7-4668-BE54-9A1E7A4F7556}") = "NoteDesktop.Api", "NoteDesktop.Api\NoteDesktop.Api.csproj", "{19EFA8E6-9C87-4549-8277-A56476B8F85F}"
EndProject
Global
	GlobalSection(SolutionConfigurationPlatforms) = preSolution
		Debug|Any CPU = Debug|Any CPU
		Release|Any CPU = Release|Any CPU
	EndGlobalSection
	GlobalSection(ProjectConfigurationPlatforms) = postSolution
		{0B53676B-92DA-4AC5-A90C-C4B14C549F9C}.Debug|Any CPU.ActiveCfg = Debug|Any CPU
		{0B53676B-92DA-4AC5-A90C-C4B14C549F9C}.Debug|Any CPU.Build.0 = Debug|Any CPU
		{0B53676B-92DA-4AC5-A90C-C4B14C549F9C}.Release|Any CPU.ActiveCfg = Release|Any CPU
		{0B53676B-92DA-4AC5-A90C-C4B14C549F9C}.Release|Any CPU.Build.0 = Release|Any CPU
		{6E80EA16-76F5-4B5E-88DE-99436B1874E4}.Debug|Any CPU.ActiveCfg = Debug|Any CPU
		{6E80EA16-76F5-4B5E-88DE-99436B1874E4}.Debug|Any CPU.Build.0 = Debug|Any CPU
		{6E80EA16-76F5-4B5E-88DE-99436B1874E4}.Release|Any CPU.ActiveCfg = Release|Any CPU
		{6E80EA16-76F5-4B5E-88DE-99436B1874E4}.Release|Any CPU.Build.0 = Release|Any CPU
		{19EFA8E6-9C87-4549-8277-A56476B8F85F}.Debug|Any CPU.ActiveCfg = Debug|Any CPU
		{19EFA8E6-9C87-4549-8277-A56476B8F85F}.Debug|Any CPU.Build.0 = Debug|Any CPU
		{19EFA8E6-9C87-4549-8277-A56476B8F85F}.Release|Any CPU.ActiveCfg = Release|Any CPU
		{19EFA8E6-9C87-4549-8277-A56476B8F85F}.Release|Any CPU.Build.0 = Release|Any CPU
	EndGlobalSection
	GlobalSection(SolutionProperties) = preSolution
		HideSolutionNode = FALSE
	EndGlobalSection
	GlobalSection(ExtensibilityGlobals) = postSolution
		SolutionGuid = {8F73D391-4983-4F86-BF54-77D8BBB20AA7}
	EndGlobalSection
EndGlobal
